
Microsoft Visual Studio Solution File, Format Version 12.00
# Visual Studio Version 16
VisualStudioVersion = 16.0.30523.141
MinimumVisualStudioVersion = 10.0.40219.1
Project("{FAE04EC0-301F-11D3-BF4B-00C04F79EFBC}") = "BinarySearchTreeDemo", "BinarySearchTreeDemo\BinarySearchTreeDemo.csproj", "{A3EC55B8-C586-4AE4-91F5-06607CC05528}"
EndProject
Global
	GlobalSection(SolutionConfigurationPlatforms) = preSolution
		Debug|Any CPU = Debug|Any CPU
		Release|Any CPU = Release|Any CPU
	EndGlobalSection
	GlobalSection(ProjectConfigurationPlatforms) = postSolution
		{A3EC55B8-C586-4AE4-91F5-06607CC05528}.Debug|Any CPU.ActiveCfg = Debug|Any CPU
		{A3EC55B8-C586-4AE4-91F5-06607CC05528}.Debug|Any CPU.Build.0 = Debug|Any CPU
		{A3EC55B8-C586-4AE4-91F5-06607CC05528}.Release|Any CPU.ActiveCfg = Release|Any CPU
		{A3EC55B8-C586-4AE4-91F5-06607CC05528}.Release|Any CPU.Build.0 = Release|Any CPU
	EndGlobalSection
	GlobalSection(SolutionProperties) = preSolution
		HideSolutionNode = FALSE
	EndGlobalSection
	GlobalSection(ExtensibilityGlobals) = postSolution
		SolutionGuid = {9222EF66-9593-49AE-82D6-9252D3D89867}
	EndGlobalSection
EndGlobal
